{
  "nodes": {
    "nixpkgs": {
      "locked": {
        "lastModified": 1731603435,
        "narHash": "sha256-CqCX4JG7UiHvkrBTpYC3wcEurvbtTADLbo3Ns2CEoL8=",
        "path": "/nix/store/fnyp8nbpm5dlxbqdq9md4jdww3ga3hjl-source",
        "rev": "8b27c1239e5c421a2bbc2c65d52e4a6fbf2ff296",
        "type": "path"
      },
      "original": {
        "id": "nixpkgs",
        "type": "indirect"
      }
    },
    "root": {
      "inputs": {
        "nixpkgs": "nixpkgs"
      }
    }
  },
  "root": "root",
  "version": 7
}
