{
  "nodes": {
    "nixpkgs": {
      "locked": {
        "lastModified": 1724441997,
        "narHash": "sha256-D7EaHaGejdZmjl6vteVFasBaEgb6coQWO2+uXF3zlD0=",
        "path": "/nix/store/cizxlyzr7ipi1xz5xr2rdx7gsqpwfdzg-source",
        "rev": "a1ff09664a29517a20ce2891402c4d84c1004084",
        "type": "path"
      },
      "original": {
        "id": "nixpkgs",
        "type": "indirect"
      }
    },
    "nixpkgs-unstable": {
      "locked": {
        "lastModified": 1746300365,
        "narHash": "sha256-thYTdWqCRipwPRxWiTiH1vusLuAy0okjOyzRx4hLWh4=",
        "owner": "nixos",
        "repo": "nixpkgs",
        "rev": "f21e4546e3ede7ae34d12a84602a22246b31f7e0",
        "type": "github"
      },
      "original": {
        "owner": "nixos",
        "ref": "nixpkgs-unstable",
        "repo": "nixpkgs",
        "type": "github"
      }
    },
    "root": {
      "inputs": {
        "nixpkgs": "nixpkgs",
        "nixpkgs-unstable": "nixpkgs-unstable"
      }
    }
  },
  "root": "root",
  "version": 7
}
